
Microsoft Visual Studio Solution File, Format Version 12.00
# Visual Studio Version 17
VisualStudioVersion = 17.14.36109.1
MinimumVisualStudioVersion = 10.0.40219.1
Project("{FAE04EC0-301F-11D3-BF4B-00C04F79EFBC}") = "FirstProject", "FirstProject\FirstProject.csproj", "{37908354-88DC-4811-9C6C-31B37E878D72}"
EndProject
Project("{FAE04EC0-301F-11D3-BF4B-00C04F79EFBC}") = "SecondProject", "SecondProject\SecondProject.csproj", "{038CD5D3-C5AD-4093-BFBD-3AC4F14E9BC5}"
EndProject
Project("{FAE04EC0-301F-11D3-BF4B-00C04F79EFBC}") = "FirstDegree", "FirstDegree\FirstDegree.csproj", "{40E4BD73-847A-42CF-8D5B-B8314FD6B8D7}"
EndProject
Project("{FAE04EC0-301F-11D3-BF4B-00C04F79EFBC}") = "Phuongtrinhbachai", "Phuongtrinhbachai\Phuongtrinhbachai.csproj", "{634B1667-CEFE-4A69-AB77-C8CA53A75375}"
EndProject
Project("{FAE04EC0-301F-11D3-BF4B-00C04F79EFBC}") = "SimpleMath", "SimpleMath\SimpleMath.csproj", "{A48E0102-1B68-451B-9B00-1D2ECAFAD26D}"
EndProject
Project("{FAE04EC0-301F-11D3-BF4B-00C04F79EFBC}") = "RefAndOutSimple", "RefAndOutSimple\RefAndOutSimple.csproj", "{E9BEE0BC-6B04-4E7F-93A2-6FEDF983EC67}"
EndProject
Project("{FAE04EC0-301F-11D3-BF4B-00C04F79EFBC}") = "TryParseSample", "TryParseSample\TryParseSample.csproj", "{C31D5E68-539D-4011-A46B-3837D8C08175}"
EndProject
Project("{FAE04EC0-301F-11D3-BF4B-00C04F79EFBC}") = "paraExample", "paraExample\paraExample.csproj", "{DA64C125-683D-4947-B281-E0DE1BAF3F9B}"
EndProject
Project("{FAE04EC0-301F-11D3-BF4B-00C04F79EFBC}") = "TypleSample", "TypleSample\TypleSample.csproj", "{E3DAA64B-B605-42CF-900A-0BA290430E02}"
EndProject
Project("{FAE04EC0-301F-11D3-BF4B-00C04F79EFBC}") = "NestAndLoop", "NestAndLoop\NestAndLoop.csproj", "{D527576C-FA2C-4833-BCFD-D37B78C2192E}"
EndProject
Project("{FAE04EC0-301F-11D3-BF4B-00C04F79EFBC}") = "VeHinh", "VeHinh\VeHinh.csproj", "{AD19426D-7844-4269-948E-52B6E37C2E26}"
EndProject
Project("{FAE04EC0-301F-11D3-BF4B-00C04F79EFBC}") = "OOP1", "OOP1\OOP1.csproj", "{8E9E2630-9CB8-4E27-8A56-8B55A04EDF3D}"
EndProject
Project("{FAE04EC0-301F-11D3-BF4B-00C04F79EFBC}") = "OOP2", "OOP2\OOP2.csproj", "{05BC56F0-6C20-48D4-9DFC-8F1DC82C0E4D}"
EndProject
Project("{FAE04EC0-301F-11D3-BF4B-00C04F79EFBC}") = "OOP3_ExtendMethod", "OOP3_ExtendMethod\OOP3_ExtendMethod.csproj", "{796A79F9-3B5E-4A6D-BC64-3168A5D0C276}"
EndProject
Project("{FAE04EC0-301F-11D3-BF4B-00C04F79EFBC}") = "OOP4", "OOP4\OOP4.csproj", "{9E0CCB44-F7AA-4D15-BE15-10F32F0B7025}"
EndProject
Project("{FAE04EC0-301F-11D3-BF4B-00C04F79EFBC}") = "OOP5_Generic_List", "OOP5_Generic_List\OOP5_Generic_List.csproj", "{FA6F43B9-DE5B-438C-993F-EEF63BF7CFE5}"
EndProject
Project("{FAE04EC0-301F-11D3-BF4B-00C04F79EFBC}") = "OOP6", "OOP6\OOP6.csproj", "{77DC3F65-D584-47C3-A957-6DE2C16478FF}"
EndProject
Project("{2150E333-8FDC-42A3-9474-1A3956D46DE8}") = "Chapter5", "Chapter5", "{02EA681E-C7D8-13C7-8484-4AC65E1B71E8}"
EndProject
Project("{FAE04EC0-301F-11D3-BF4B-00C04F79EFBC}") = "BuilderPattern", "BuilderPattern\BuilderPattern.csproj", "{044DE341-433F-5702-4D82-2BB3FD3832E3}"
EndProject
Project("{FAE04EC0-301F-11D3-BF4B-00C04F79EFBC}") = "FactoriesPattern", "FactoriesPattern\FactoriesPattern.csproj", "{15ADFCBE-9B56-7B0A-7AE5-771D29B1F4C9}"
EndProject
Project("{FAE04EC0-301F-11D3-BF4B-00C04F79EFBC}") = "ObserverPattern", "ObserverPattern\ObserverPattern.csproj", "{FEBF851F-917B-C45E-D2B8-7873FE9FDB40}"
EndProject
Project("{FAE04EC0-301F-11D3-BF4B-00C04F79EFBC}") = "PrototypePattern", "PrototypePattern\PrototypePattern.csproj", "{92C92FD4-253A-352A-CA1D-8ACA5E5F3868}"
EndProject
Project("{FAE04EC0-301F-11D3-BF4B-00C04F79EFBC}") = "SingletonPattern", "SingletonPattern\SingletonPattern.csproj", "{FABC0CC8-7E79-3D9B-8D56-17C4207BB104}"
EndProject
Project("{FAE04EC0-301F-11D3-BF4B-00C04F79EFBC}") = "DemoAliasClone", "DemoAliasClone\DemoAliasClone.csproj", "{093572CC-A1BF-4F69-A164-733494006F97}"
EndProject
Project("{2150E333-8FDC-42A3-9474-1A3956D46DE8}") = "Chapter6", "Chapter6", "{898C74E7-2A23-424C-9DCC-9E8A3ACA45C9}"
EndProject
Project("{FAE04EC0-301F-11D3-BF4B-00C04F79EFBC}") = "DemoDelegate", "DemoDelegate\DemoDelegate.csproj", "{B555ECE2-5441-4438-9AF4-A71FBCCC8664}"
EndProject
Project("{FAE04EC0-301F-11D3-BF4B-00C04F79EFBC}") = "DemoLINQ2Object", "DemoLINQ2Object\DemoLINQ2Object.csproj", "{41F88CC8-33BC-4DB2-9D79-FF33EAB3E0F3}"
EndProject
Project("{FAE04EC0-301F-11D3-BF4B-00C04F79EFBC}") = "DemoLINQ2ObjectModeClass", "DemoLINQ2ObjectModeClass\DemoLINQ2ObjectModeClass.csproj", "{F4393024-9E02-4CAF-B767-3AD3C14E8E23}"
EndProject
Project("{FAE04EC0-301F-11D3-BF4B-00C04F79EFBC}") = "DemoLINQ2SQL", "DemoLINQ2SQL\DemoLINQ2SQL.csproj", "{E0AC7C38-0531-475A-9039-3898166E35A4}"
EndProject
Project("{FAE04EC0-301F-11D3-BF4B-00C04F79EFBC}") = "Lucy_SalesData", "Lucy_SalesData\Lucy_SalesData.csproj", "{76AF31F9-36D8-4FFA-9219-E474817488A2}"
EndProject
Project("{2150E333-8FDC-42A3-9474-1A3956D46DE8}") = "Chapter7", "Chapter7", "{9334787F-BB34-465A-BCDB-61D9D5AE37F5}"
EndProject
Project("{FAE04EC0-301F-11D3-BF4B-00C04F79EFBC}") = "HelloWPF", "HelloWPF\HelloWPF.csproj", "{3C9044F4-C69B-4AF1-B072-6C05973AC4B0}"
EndProject
Project("{FAE04EC0-301F-11D3-BF4B-00C04F79EFBC}") = "BaiTap1ControlCoBan", "BaiTap1ControlCoBan\BaiTap1ControlCoBan.csproj", "{CBD7A1CF-4DB4-4C07-87FA-962A2F30C363}"
EndProject
Global
	GlobalSection(SolutionConfigurationPlatforms) = preSolution
		Debug|Any CPU = Debug|Any CPU
		Release|Any CPU = Release|Any CPU
	EndGlobalSection
	GlobalSection(ProjectConfigurationPlatforms) = postSolution
		{37908354-88DC-4811-9C6C-31B37E878D72}.Debug|Any CPU.ActiveCfg = Debug|Any CPU
		{37908354-88DC-4811-9C6C-31B37E878D72}.Debug|Any CPU.Build.0 = Debug|Any CPU
		{37908354-88DC-4811-9C6C-31B37E878D72}.Release|Any CPU.ActiveCfg = Release|Any CPU
		{37908354-88DC-4811-9C6C-31B37E878D72}.Release|Any CPU.Build.0 = Release|Any CPU
		{038CD5D3-C5AD-4093-BFBD-3AC4F14E9BC5}.Debug|Any CPU.ActiveCfg = Debug|Any CPU
		{038CD5D3-C5AD-4093-BFBD-3AC4F14E9BC5}.Debug|Any CPU.Build.0 = Debug|Any CPU
		{038CD5D3-C5AD-4093-BFBD-3AC4F14E9BC5}.Release|Any CPU.ActiveCfg = Release|Any CPU
		{038CD5D3-C5AD-4093-BFBD-3AC4F14E9BC5}.Release|Any CPU.Build.0 = Release|Any CPU
		{40E4BD73-847A-42CF-8D5B-B8314FD6B8D7}.Debug|Any CPU.ActiveCfg = Debug|Any CPU
		{40E4BD73-847A-42CF-8D5B-B8314FD6B8D7}.Debug|Any CPU.Build.0 = Debug|Any CPU
		{40E4BD73-847A-42CF-8D5B-B8314FD6B8D7}.Release|Any CPU.ActiveCfg = Release|Any CPU
		{40E4BD73-847A-42CF-8D5B-B8314FD6B8D7}.Release|Any CPU.Build.0 = Release|Any CPU
		{634B1667-CEFE-4A69-AB77-C8CA53A75375}.Debug|Any CPU.ActiveCfg = Debug|Any CPU
		{634B1667-CEFE-4A69-AB77-C8CA53A75375}.Debug|Any CPU.Build.0 = Debug|Any CPU
		{634B1667-CEFE-4A69-AB77-C8CA53A75375}.Release|Any CPU.ActiveCfg = Release|Any CPU
		{634B1667-CEFE-4A69-AB77-C8CA53A75375}.Release|Any CPU.Build.0 = Release|Any CPU
		{A48E0102-1B68-451B-9B00-1D2ECAFAD26D}.Debug|Any CPU.ActiveCfg = Debug|Any CPU
		{A48E0102-1B68-451B-9B00-1D2ECAFAD26D}.Debug|Any CPU.Build.0 = Debug|Any CPU
		{A48E0102-1B68-451B-9B00-1D2ECAFAD26D}.Release|Any CPU.ActiveCfg = Release|Any CPU
		{A48E0102-1B68-451B-9B00-1D2ECAFAD26D}.Release|Any CPU.Build.0 = Release|Any CPU
		{E9BEE0BC-6B04-4E7F-93A2-6FEDF983EC67}.Debug|Any CPU.ActiveCfg = Debug|Any CPU
		{E9BEE0BC-6B04-4E7F-93A2-6FEDF983EC67}.Debug|Any CPU.Build.0 = Debug|Any CPU
		{E9BEE0BC-6B04-4E7F-93A2-6FEDF983EC67}.Release|Any CPU.ActiveCfg = Release|Any CPU
		{E9BEE0BC-6B04-4E7F-93A2-6FEDF983EC67}.Release|Any CPU.Build.0 = Release|Any CPU
		{C31D5E68-539D-4011-A46B-3837D8C08175}.Debug|Any CPU.ActiveCfg = Debug|Any CPU
		{C31D5E68-539D-4011-A46B-3837D8C08175}.Debug|Any CPU.Build.0 = Debug|Any CPU
		{C31D5E68-539D-4011-A46B-3837D8C08175}.Release|Any CPU.ActiveCfg = Release|Any CPU
		{C31D5E68-539D-4011-A46B-3837D8C08175}.Release|Any CPU.Build.0 = Release|Any CPU
		{DA64C125-683D-4947-B281-E0DE1BAF3F9B}.Debug|Any CPU.ActiveCfg = Debug|Any CPU
		{DA64C125-683D-4947-B281-E0DE1BAF3F9B}.Debug|Any CPU.Build.0 = Debug|Any CPU
		{DA64C125-683D-4947-B281-E0DE1BAF3F9B}.Release|Any CPU.ActiveCfg = Release|Any CPU
		{DA64C125-683D-4947-B281-E0DE1BAF3F9B}.Release|Any CPU.Build.0 = Release|Any CPU
		{E3DAA64B-B605-42CF-900A-0BA290430E02}.Debug|Any CPU.ActiveCfg = Debug|Any CPU
		{E3DAA64B-B605-42CF-900A-0BA290430E02}.Debug|Any CPU.Build.0 = Debug|Any CPU
		{E3DAA64B-B605-42CF-900A-0BA290430E02}.Release|Any CPU.ActiveCfg = Release|Any CPU
		{E3DAA64B-B605-42CF-900A-0BA290430E02}.Release|Any CPU.Build.0 = Release|Any CPU
		{D527576C-FA2C-4833-BCFD-D37B78C2192E}.Debug|Any CPU.ActiveCfg = Debug|Any CPU
		{D527576C-FA2C-4833-BCFD-D37B78C2192E}.Debug|Any CPU.Build.0 = Debug|Any CPU
		{D527576C-FA2C-4833-BCFD-D37B78C2192E}.Release|Any CPU.ActiveCfg = Release|Any CPU
		{D527576C-FA2C-4833-BCFD-D37B78C2192E}.Release|Any CPU.Build.0 = Release|Any CPU
		{AD19426D-7844-4269-948E-52B6E37C2E26}.Debug|Any CPU.ActiveCfg = Debug|Any CPU
		{AD19426D-7844-4269-948E-52B6E37C2E26}.Debug|Any CPU.Build.0 = Debug|Any CPU
		{AD19426D-7844-4269-948E-52B6E37C2E26}.Release|Any CPU.ActiveCfg = Release|Any CPU
		{AD19426D-7844-4269-948E-52B6E37C2E26}.Release|Any CPU.Build.0 = Release|Any CPU
		{8E9E2630-9CB8-4E27-8A56-8B55A04EDF3D}.Debug|Any CPU.ActiveCfg = Debug|Any CPU
		{8E9E2630-9CB8-4E27-8A56-8B55A04EDF3D}.Debug|Any CPU.Build.0 = Debug|Any CPU
		{8E9E2630-9CB8-4E27-8A56-8B55A04EDF3D}.Release|Any CPU.ActiveCfg = Release|Any CPU
		{8E9E2630-9CB8-4E27-8A56-8B55A04EDF3D}.Release|Any CPU.Build.0 = Release|Any CPU
		{05BC56F0-6C20-48D4-9DFC-8F1DC82C0E4D}.Debug|Any CPU.ActiveCfg = Debug|Any CPU
		{05BC56F0-6C20-48D4-9DFC-8F1DC82C0E4D}.Debug|Any CPU.Build.0 = Debug|Any CPU
		{05BC56F0-6C20-48D4-9DFC-8F1DC82C0E4D}.Release|Any CPU.ActiveCfg = Release|Any CPU
		{05BC56F0-6C20-48D4-9DFC-8F1DC82C0E4D}.Release|Any CPU.Build.0 = Release|Any CPU
		{796A79F9-3B5E-4A6D-BC64-3168A5D0C276}.Debug|Any CPU.ActiveCfg = Debug|Any CPU
		{796A79F9-3B5E-4A6D-BC64-3168A5D0C276}.Debug|Any CPU.Build.0 = Debug|Any CPU
		{796A79F9-3B5E-4A6D-BC64-3168A5D0C276}.Release|Any CPU.ActiveCfg = Release|Any CPU
		{796A79F9-3B5E-4A6D-BC64-3168A5D0C276}.Release|Any CPU.Build.0 = Release|Any CPU
		{9E0CCB44-F7AA-4D15-BE15-10F32F0B7025}.Debug|Any CPU.ActiveCfg = Debug|Any CPU
		{9E0CCB44-F7AA-4D15-BE15-10F32F0B7025}.Debug|Any CPU.Build.0 = Debug|Any CPU
		{9E0CCB44-F7AA-4D15-BE15-10F32F0B7025}.Release|Any CPU.ActiveCfg = Release|Any CPU
		{9E0CCB44-F7AA-4D15-BE15-10F32F0B7025}.Release|Any CPU.Build.0 = Release|Any CPU
		{FA6F43B9-DE5B-438C-993F-EEF63BF7CFE5}.Debug|Any CPU.ActiveCfg = Debug|Any CPU
		{FA6F43B9-DE5B-438C-993F-EEF63BF7CFE5}.Debug|Any CPU.Build.0 = Debug|Any CPU
		{FA6F43B9-DE5B-438C-993F-EEF63BF7CFE5}.Release|Any CPU.ActiveCfg = Release|Any CPU
		{FA6F43B9-DE5B-438C-993F-EEF63BF7CFE5}.Release|Any CPU.Build.0 = Release|Any CPU
		{77DC3F65-D584-47C3-A957-6DE2C16478FF}.Debug|Any CPU.ActiveCfg = Debug|Any CPU
		{77DC3F65-D584-47C3-A957-6DE2C16478FF}.Debug|Any CPU.Build.0 = Debug|Any CPU
		{77DC3F65-D584-47C3-A957-6DE2C16478FF}.Release|Any CPU.ActiveCfg = Release|Any CPU
		{77DC3F65-D584-47C3-A957-6DE2C16478FF}.Release|Any CPU.Build.0 = Release|Any CPU
		{044DE341-433F-5702-4D82-2BB3FD3832E3}.Debug|Any CPU.ActiveCfg = Debug|Any CPU
		{044DE341-433F-5702-4D82-2BB3FD3832E3}.Debug|Any CPU.Build.0 = Debug|Any CPU
		{044DE341-433F-5702-4D82-2BB3FD3832E3}.Release|Any CPU.ActiveCfg = Release|Any CPU
		{044DE341-433F-5702-4D82-2BB3FD3832E3}.Release|Any CPU.Build.0 = Release|Any CPU
		{15ADFCBE-9B56-7B0A-7AE5-771D29B1F4C9}.Debug|Any CPU.ActiveCfg = Debug|Any CPU
		{15ADFCBE-9B56-7B0A-7AE5-771D29B1F4C9}.Debug|Any CPU.Build.0 = Debug|Any CPU
		{15ADFCBE-9B56-7B0A-7AE5-771D29B1F4C9}.Release|Any CPU.ActiveCfg = Release|Any CPU
		{15ADFCBE-9B56-7B0A-7AE5-771D29B1F4C9}.Release|Any CPU.Build.0 = Release|Any CPU
		{FEBF851F-917B-C45E-D2B8-7873FE9FDB40}.Debug|Any CPU.ActiveCfg = Debug|Any CPU
		{FEBF851F-917B-C45E-D2B8-7873FE9FDB40}.Debug|Any CPU.Build.0 = Debug|Any CPU
		{FEBF851F-917B-C45E-D2B8-7873FE9FDB40}.Release|Any CPU.ActiveCfg = Release|Any CPU
		{FEBF851F-917B-C45E-D2B8-7873FE9FDB40}.Release|Any CPU.Build.0 = Release|Any CPU
		{92C92FD4-253A-352A-CA1D-8ACA5E5F3868}.Debug|Any CPU.ActiveCfg = Debug|Any CPU
		{92C92FD4-253A-352A-CA1D-8ACA5E5F3868}.Debug|Any CPU.Build.0 = Debug|Any CPU
		{92C92FD4-253A-352A-CA1D-8ACA5E5F3868}.Release|Any CPU.ActiveCfg = Release|Any CPU
		{92C92FD4-253A-352A-CA1D-8ACA5E5F3868}.Release|Any CPU.Build.0 = Release|Any CPU
		{FABC0CC8-7E79-3D9B-8D56-17C4207BB104}.Debug|Any CPU.ActiveCfg = Debug|Any CPU
		{FABC0CC8-7E79-3D9B-8D56-17C4207BB104}.Debug|Any CPU.Build.0 = Debug|Any CPU
		{FABC0CC8-7E79-3D9B-8D56-17C4207BB104}.Release|Any CPU.ActiveCfg = Release|Any CPU
		{FABC0CC8-7E79-3D9B-8D56-17C4207BB104}.Release|Any CPU.Build.0 = Release|Any CPU
		{093572CC-A1BF-4F69-A164-733494006F97}.Debug|Any CPU.ActiveCfg = Debug|Any CPU
		{093572CC-A1BF-4F69-A164-733494006F97}.Debug|Any CPU.Build.0 = Debug|Any CPU
		{093572CC-A1BF-4F69-A164-733494006F97}.Release|Any CPU.ActiveCfg = Release|Any CPU
		{093572CC-A1BF-4F69-A164-733494006F97}.Release|Any CPU.Build.0 = Release|Any CPU
		{B555ECE2-5441-4438-9AF4-A71FBCCC8664}.Debug|Any CPU.ActiveCfg = Debug|Any CPU
		{B555ECE2-5441-4438-9AF4-A71FBCCC8664}.Debug|Any CPU.Build.0 = Debug|Any CPU
		{B555ECE2-5441-4438-9AF4-A71FBCCC8664}.Release|Any CPU.ActiveCfg = Release|Any CPU
		{B555ECE2-5441-4438-9AF4-A71FBCCC8664}.Release|Any CPU.Build.0 = Release|Any CPU
		{41F88CC8-33BC-4DB2-9D79-FF33EAB3E0F3}.Debug|Any CPU.ActiveCfg = Debug|Any CPU
		{41F88CC8-33BC-4DB2-9D79-FF33EAB3E0F3}.Debug|Any CPU.Build.0 = Debug|Any CPU
		{41F88CC8-33BC-4DB2-9D79-FF33EAB3E0F3}.Release|Any CPU.ActiveCfg = Release|Any CPU
		{41F88CC8-33BC-4DB2-9D79-FF33EAB3E0F3}.Release|Any CPU.Build.0 = Release|Any CPU
		{F4393024-9E02-4CAF-B767-3AD3C14E8E23}.Debug|Any CPU.ActiveCfg = Debug|Any CPU
		{F4393024-9E02-4CAF-B767-3AD3C14E8E23}.Debug|Any CPU.Build.0 = Debug|Any CPU
		{F4393024-9E02-4CAF-B767-3AD3C14E8E23}.Release|Any CPU.ActiveCfg = Release|Any CPU
		{F4393024-9E02-4CAF-B767-3AD3C14E8E23}.Release|Any CPU.Build.0 = Release|Any CPU
		{E0AC7C38-0531-475A-9039-3898166E35A4}.Debug|Any CPU.ActiveCfg = Debug|Any CPU
		{E0AC7C38-0531-475A-9039-3898166E35A4}.Debug|Any CPU.Build.0 = Debug|Any CPU
		{E0AC7C38-0531-475A-9039-3898166E35A4}.Release|Any CPU.ActiveCfg = Release|Any CPU
		{E0AC7C38-0531-475A-9039-3898166E35A4}.Release|Any CPU.Build.0 = Release|Any CPU
		{76AF31F9-36D8-4FFA-9219-E474817488A2}.Debug|Any CPU.ActiveCfg = Debug|Any CPU
		{76AF31F9-36D8-4FFA-9219-E474817488A2}.Debug|Any CPU.Build.0 = Debug|Any CPU
		{76AF31F9-36D8-4FFA-9219-E474817488A2}.Release|Any CPU.ActiveCfg = Release|Any CPU
		{76AF31F9-36D8-4FFA-9219-E474817488A2}.Release|Any CPU.Build.0 = Release|Any CPU
		{3C9044F4-C69B-4AF1-B072-6C05973AC4B0}.Debug|Any CPU.ActiveCfg = Debug|Any CPU
		{3C9044F4-C69B-4AF1-B072-6C05973AC4B0}.Debug|Any CPU.Build.0 = Debug|Any CPU
		{3C9044F4-C69B-4AF1-B072-6C05973AC4B0}.Release|Any CPU.ActiveCfg = Release|Any CPU
		{3C9044F4-C69B-4AF1-B072-6C05973AC4B0}.Release|Any CPU.Build.0 = Release|Any CPU
		{CBD7A1CF-4DB4-4C07-87FA-962A2F30C363}.Debug|Any CPU.ActiveCfg = Debug|Any CPU
		{CBD7A1CF-4DB4-4C07-87FA-962A2F30C363}.Debug|Any CPU.Build.0 = Debug|Any CPU
		{CBD7A1CF-4DB4-4C07-87FA-962A2F30C363}.Release|Any CPU.ActiveCfg = Release|Any CPU
		{CBD7A1CF-4DB4-4C07-87FA-962A2F30C363}.Release|Any CPU.Build.0 = Release|Any CPU
	EndGlobalSection
	GlobalSection(SolutionProperties) = preSolution
		HideSolutionNode = FALSE
	EndGlobalSection
	GlobalSection(NestedProjects) = preSolution
		{044DE341-433F-5702-4D82-2BB3FD3832E3} = {02EA681E-C7D8-13C7-8484-4AC65E1B71E8}
		{15ADFCBE-9B56-7B0A-7AE5-771D29B1F4C9} = {02EA681E-C7D8-13C7-8484-4AC65E1B71E8}
		{FEBF851F-917B-C45E-D2B8-7873FE9FDB40} = {02EA681E-C7D8-13C7-8484-4AC65E1B71E8}
		{92C92FD4-253A-352A-CA1D-8ACA5E5F3868} = {02EA681E-C7D8-13C7-8484-4AC65E1B71E8}
		{FABC0CC8-7E79-3D9B-8D56-17C4207BB104} = {02EA681E-C7D8-13C7-8484-4AC65E1B71E8}
		{093572CC-A1BF-4F69-A164-733494006F97} = {02EA681E-C7D8-13C7-8484-4AC65E1B71E8}
		{B555ECE2-5441-4438-9AF4-A71FBCCC8664} = {898C74E7-2A23-424C-9DCC-9E8A3ACA45C9}
		{41F88CC8-33BC-4DB2-9D79-FF33EAB3E0F3} = {898C74E7-2A23-424C-9DCC-9E8A3ACA45C9}
		{F4393024-9E02-4CAF-B767-3AD3C14E8E23} = {898C74E7-2A23-424C-9DCC-9E8A3ACA45C9}
		{E0AC7C38-0531-475A-9039-3898166E35A4} = {898C74E7-2A23-424C-9DCC-9E8A3ACA45C9}
		{76AF31F9-36D8-4FFA-9219-E474817488A2} = {898C74E7-2A23-424C-9DCC-9E8A3ACA45C9}
		{3C9044F4-C69B-4AF1-B072-6C05973AC4B0} = {9334787F-BB34-465A-BCDB-61D9D5AE37F5}
		{CBD7A1CF-4DB4-4C07-87FA-962A2F30C363} = {9334787F-BB34-465A-BCDB-61D9D5AE37F5}
	EndGlobalSection
	GlobalSection(ExtensibilityGlobals) = postSolution
		SolutionGuid = {6933BAB1-3766-4EAD-B729-4F22F7343506}
	EndGlobalSection
EndGlobal
